
Microsoft Visual Studio Solution File, Format Version 12.00
# Visual Studio Version 16
VisualStudioVersion = 16.0.30711.63
MinimumVisualStudioVersion = 10.0.40219.1
Project("{9A19103F-16F7-4668-BE54-9A1E7A4F7556}") = "AbashonWeb", "AbashonWeb\AbashonWeb\AbashonWeb.csproj", "{4AF10A3A-E03C-44AC-9C21-1879E71FD6DE}"
EndProject
Project("{9A19103F-16F7-4668-BE54-9A1E7A4F7556}") = "AbashonWeb.Domain", "AbashonWeb\AbashonWeb.Domain\AbashonWeb.Domain.csproj", "{C0309481-786C-4367-A6ED-DDDF710D7C61}"
EndProject
Project("{9A19103F-16F7-4668-BE54-9A1E7A4F7556}") = "AbashonWeb.Infrastructure", "AbashonWeb\AbashonWeb.Infrastructure\AbashonWeb.Infrastructure.csproj", "{D8ED3E6B-1EFC-4DB8-8A6F-D1ABFD177A2F}"
EndProject
Project("{9A19103F-16F7-4668-BE54-9A1E7A4F7556}") = "AbashonWeb.Persistence", "AbashonWeb\AbashonWeb.Persistence\AbashonWeb.Persistence.csproj", "{C3B4B8D6-0DEF-4378-9C8A-0D150E86AC9F}"
EndProject
Project("{9A19103F-16F7-4668-BE54-9A1E7A4F7556}") = "AbashonWeb.Service", "AbashonWeb\AbashonWeb.Service\AbashonWeb.Service.csproj", "{D5A777DB-A136-4A30-8385-5230E26E0103}"
EndProject
Project("{9A19103F-16F7-4668-BE54-9A1E7A4F7556}") = "AbashonWeb.Test.Integration", "AbashonWeb\AbashonWeb.Test.Integration\AbashonWeb.Test.Integration.csproj", "{6B31536A-CDEB-4AC3-9B87-377D50D04F1D}"
EndProject
Project("{9A19103F-16F7-4668-BE54-9A1E7A4F7556}") = "AbashonWeb.Test.Unit", "AbashonWeb\AbashonWeb.Test.Unit\AbashonWeb.Test.Unit.csproj", "{8BD86FCC-EEBB-4368-A1E3-02B66A91629A}"
EndProject
Project("{2150E333-8FDC-42A3-9474-1A3956D46DE8}") = "Core", "Core", "{ED57E792-B1EE-4596-9007-80209CED1DDF}"
EndProject
Project("{2150E333-8FDC-42A3-9474-1A3956D46DE8}") = "Infrustructure", "Infrustructure", "{0F047290-B21F-46BA-80B4-1E48A1A1B07A}"
EndProject
Project("{2150E333-8FDC-42A3-9474-1A3956D46DE8}") = "Persistence", "Persistence", "{C2A8880F-5980-4D01-94B4-E52CFDEE0FCA}"
EndProject
Project("{2150E333-8FDC-42A3-9474-1A3956D46DE8}") = "API", "API", "{2773AE96-502C-48C2-A5F9-3A6C6B6E46D7}"
EndProject
Project("{2150E333-8FDC-42A3-9474-1A3956D46DE8}") = "Domain", "Domain", "{D313F01A-1928-492A-9AE1-752549D042D7}"
EndProject
Project("{2150E333-8FDC-42A3-9474-1A3956D46DE8}") = "Service", "Service", "{947DC28D-8DF0-4AA6-A864-696C3D6F6E52}"
EndProject
Project("{2150E333-8FDC-42A3-9474-1A3956D46DE8}") = "Test", "Test", "{3ED215E4-BF92-4E03-8CF2-F3A9B38B7FD9}"
EndProject
Global
	GlobalSection(SolutionConfigurationPlatforms) = preSolution
		Debug|Any CPU = Debug|Any CPU
		Release|Any CPU = Release|Any CPU
	EndGlobalSection
	GlobalSection(ProjectConfigurationPlatforms) = postSolution
		{4AF10A3A-E03C-44AC-9C21-1879E71FD6DE}.Debug|Any CPU.ActiveCfg = Debug|Any CPU
		{4AF10A3A-E03C-44AC-9C21-1879E71FD6DE}.Debug|Any CPU.Build.0 = Debug|Any CPU
		{4AF10A3A-E03C-44AC-9C21-1879E71FD6DE}.Release|Any CPU.ActiveCfg = Release|Any CPU
		{4AF10A3A-E03C-44AC-9C21-1879E71FD6DE}.Release|Any CPU.Build.0 = Release|Any CPU
		{C0309481-786C-4367-A6ED-DDDF710D7C61}.Debug|Any CPU.ActiveCfg = Debug|Any CPU
		{C0309481-786C-4367-A6ED-DDDF710D7C61}.Debug|Any CPU.Build.0 = Debug|Any CPU
		{C0309481-786C-4367-A6ED-DDDF710D7C61}.Release|Any CPU.ActiveCfg = Release|Any CPU
		{C0309481-786C-4367-A6ED-DDDF710D7C61}.Release|Any CPU.Build.0 = Release|Any CPU
		{D8ED3E6B-1EFC-4DB8-8A6F-D1ABFD177A2F}.Debug|Any CPU.ActiveCfg = Debug|Any CPU
		{D8ED3E6B-1EFC-4DB8-8A6F-D1ABFD177A2F}.Debug|Any CPU.Build.0 = Debug|Any CPU
		{D8ED3E6B-1EFC-4DB8-8A6F-D1ABFD177A2F}.Release|Any CPU.ActiveCfg = Release|Any CPU
		{D8ED3E6B-1EFC-4DB8-8A6F-D1ABFD177A2F}.Release|Any CPU.Build.0 = Release|Any CPU
		{C3B4B8D6-0DEF-4378-9C8A-0D150E86AC9F}.Debug|Any CPU.ActiveCfg = Debug|Any CPU
		{C3B4B8D6-0DEF-4378-9C8A-0D150E86AC9F}.Debug|Any CPU.Build.0 = Debug|Any CPU
		{C3B4B8D6-0DEF-4378-9C8A-0D150E86AC9F}.Release|Any CPU.ActiveCfg = Release|Any CPU
		{C3B4B8D6-0DEF-4378-9C8A-0D150E86AC9F}.Release|Any CPU.Build.0 = Release|Any CPU
		{D5A777DB-A136-4A30-8385-5230E26E0103}.Debug|Any CPU.ActiveCfg = Debug|Any CPU
		{D5A777DB-A136-4A30-8385-5230E26E0103}.Debug|Any CPU.Build.0 = Debug|Any CPU
		{D5A777DB-A136-4A30-8385-5230E26E0103}.Release|Any CPU.ActiveCfg = Release|Any CPU
		{D5A777DB-A136-4A30-8385-5230E26E0103}.Release|Any CPU.Build.0 = Release|Any CPU
		{6B31536A-CDEB-4AC3-9B87-377D50D04F1D}.Debug|Any CPU.ActiveCfg = Debug|Any CPU
		{6B31536A-CDEB-4AC3-9B87-377D50D04F1D}.Debug|Any CPU.Build.0 = Debug|Any CPU
		{6B31536A-CDEB-4AC3-9B87-377D50D04F1D}.Release|Any CPU.ActiveCfg = Release|Any CPU
		{6B31536A-CDEB-4AC3-9B87-377D50D04F1D}.Release|Any CPU.Build.0 = Release|Any CPU
		{8BD86FCC-EEBB-4368-A1E3-02B66A91629A}.Debug|Any CPU.ActiveCfg = Debug|Any CPU
		{8BD86FCC-EEBB-4368-A1E3-02B66A91629A}.Debug|Any CPU.Build.0 = Debug|Any CPU
		{8BD86FCC-EEBB-4368-A1E3-02B66A91629A}.Release|Any CPU.ActiveCfg = Release|Any CPU
		{8BD86FCC-EEBB-4368-A1E3-02B66A91629A}.Release|Any CPU.Build.0 = Release|Any CPU
	EndGlobalSection
	GlobalSection(SolutionProperties) = preSolution
		HideSolutionNode = FALSE
	EndGlobalSection
	GlobalSection(NestedProjects) = preSolution
		{4AF10A3A-E03C-44AC-9C21-1879E71FD6DE} = {2773AE96-502C-48C2-A5F9-3A6C6B6E46D7}
		{C0309481-786C-4367-A6ED-DDDF710D7C61} = {D313F01A-1928-492A-9AE1-752549D042D7}
		{D8ED3E6B-1EFC-4DB8-8A6F-D1ABFD177A2F} = {0F047290-B21F-46BA-80B4-1E48A1A1B07A}
		{C3B4B8D6-0DEF-4378-9C8A-0D150E86AC9F} = {C2A8880F-5980-4D01-94B4-E52CFDEE0FCA}
		{D5A777DB-A136-4A30-8385-5230E26E0103} = {947DC28D-8DF0-4AA6-A864-696C3D6F6E52}
		{6B31536A-CDEB-4AC3-9B87-377D50D04F1D} = {3ED215E4-BF92-4E03-8CF2-F3A9B38B7FD9}
		{8BD86FCC-EEBB-4368-A1E3-02B66A91629A} = {3ED215E4-BF92-4E03-8CF2-F3A9B38B7FD9}
		{D313F01A-1928-492A-9AE1-752549D042D7} = {ED57E792-B1EE-4596-9007-80209CED1DDF}
		{947DC28D-8DF0-4AA6-A864-696C3D6F6E52} = {ED57E792-B1EE-4596-9007-80209CED1DDF}
	EndGlobalSection
	GlobalSection(ExtensibilityGlobals) = postSolution
		SolutionGuid = {575E4E02-499A-412D-8ECD-9B7F741B8955}
	EndGlobalSection
EndGlobal
